{"filter":false,"title":"composer.lock","tooltip":"/api/composer.lock","undoManager":{"mark":-1,"position":-1,"stack":[]},"ace":{"folds":[],"scrolltop":960,"scrollleft":0,"selection":{"start":{"row":10,"column":32},"end":{"row":10,"column":32},"isBackwards":false},"options":{"guessTabSize":true,"useWrapMode":false,"wrapToView":true},"firstLineState":{"row":67,"state":"start","mode":"ace/mode/json"}},"timestamp":1447799409183,"hash":"8db9881308b31768ef6a493c8d92672700146f6f"}